
Microsoft Visual Studio Solution File, Format Version 12.00
# Visual Studio Version 17
VisualStudioVersion = 17.11.35312.102
MinimumVisualStudioVersion = 10.0.40219.1
Project("{8BC9CEB8-8B4A-11D0-8D11-00A0C91BC942}") = "laboratory-1-tpo", "laboratory-1-tpo\laboratory-1-tpo.vcxproj", "{624BFD9D-A46C-4978-B859-28BB6549A8C8}"
EndProject
Global
	GlobalSection(SolutionConfigurationPlatforms) = preSolution
		Debug|x64 = Debug|x64
		Debug|x86 = Debug|x86
		Release|x64 = Release|x64
		Release|x86 = Release|x86
	EndGlobalSection
	GlobalSection(ProjectConfigurationPlatforms) = postSolution
		{624BFD9D-A46C-4978-B859-28BB6549A8C8}.Debug|x64.ActiveCfg = Debug|x64
		{624BFD9D-A46C-4978-B859-28BB6549A8C8}.Debug|x64.Build.0 = Debug|x64
		{624BFD9D-A46C-4978-B859-28BB6549A8C8}.Debug|x86.ActiveCfg = Debug|Win32
		{624BFD9D-A46C-4978-B859-28BB6549A8C8}.Debug|x86.Build.0 = Debug|Win32
		{624BFD9D-A46C-4978-B859-28BB6549A8C8}.Release|x64.ActiveCfg = Release|x64
		{624BFD9D-A46C-4978-B859-28BB6549A8C8}.Release|x64.Build.0 = Release|x64
		{624BFD9D-A46C-4978-B859-28BB6549A8C8}.Release|x86.ActiveCfg = Release|Win32
		{624BFD9D-A46C-4978-B859-28BB6549A8C8}.Release|x86.Build.0 = Release|Win32
	EndGlobalSection
	GlobalSection(SolutionProperties) = preSolution
		HideSolutionNode = FALSE
	EndGlobalSection
	GlobalSection(ExtensibilityGlobals) = postSolution
		SolutionGuid = {31386653-9FC2-48F6-AF1F-21FAFAEC0339}
	EndGlobalSection
EndGlobal
